
Microsoft Visual Studio Solution File, Format Version 12.00
# Visual Studio Version 17
VisualStudioVersion = 17.5.2.0
MinimumVisualStudioVersion = 10.0.40219.1
Project("{FAE04EC0-301F-11D3-BF4B-00C04F79EFBC}") = "ProductStockAPI", "ProductStockAPI\ProductStockAPI.csproj", "{EB7A50FC-F7AD-CA1C-C5B6-4AB3038CA229}"
EndProject
Project("{FAE04EC0-301F-11D3-BF4B-00C04F79EFBC}") = "ProductStockAPI.Tests", "ProductStockAPI.Tests\ProductStockAPI.Tests.csproj", "{D261AD88-7726-4760-968B-E19F46C3BEFE}"
EndProject
Global
	GlobalSection(SolutionConfigurationPlatforms) = preSolution
		Debug|Any CPU = Debug|Any CPU
		Debug|x64 = Debug|x64
		Debug|x86 = Debug|x86
		Release|Any CPU = Release|Any CPU
		Release|x64 = Release|x64
		Release|x86 = Release|x86
	EndGlobalSection
	GlobalSection(ProjectConfigurationPlatforms) = postSolution
		{EB7A50FC-F7AD-CA1C-C5B6-4AB3038CA229}.Debug|Any CPU.ActiveCfg = Debug|Any CPU
		{EB7A50FC-F7AD-CA1C-C5B6-4AB3038CA229}.Debug|Any CPU.Build.0 = Debug|Any CPU
		{EB7A50FC-F7AD-CA1C-C5B6-4AB3038CA229}.Debug|x64.ActiveCfg = Debug|Any CPU
		{EB7A50FC-F7AD-CA1C-C5B6-4AB3038CA229}.Debug|x64.Build.0 = Debug|Any CPU
		{EB7A50FC-F7AD-CA1C-C5B6-4AB3038CA229}.Debug|x86.ActiveCfg = Debug|Any CPU
		{EB7A50FC-F7AD-CA1C-C5B6-4AB3038CA229}.Debug|x86.Build.0 = Debug|Any CPU
		{EB7A50FC-F7AD-CA1C-C5B6-4AB3038CA229}.Release|Any CPU.ActiveCfg = Release|Any CPU
		{EB7A50FC-F7AD-CA1C-C5B6-4AB3038CA229}.Release|Any CPU.Build.0 = Release|Any CPU
		{EB7A50FC-F7AD-CA1C-C5B6-4AB3038CA229}.Release|x64.ActiveCfg = Release|Any CPU
		{EB7A50FC-F7AD-CA1C-C5B6-4AB3038CA229}.Release|x64.Build.0 = Release|Any CPU
		{EB7A50FC-F7AD-CA1C-C5B6-4AB3038CA229}.Release|x86.ActiveCfg = Release|Any CPU
		{EB7A50FC-F7AD-CA1C-C5B6-4AB3038CA229}.Release|x86.Build.0 = Release|Any CPU
		{D261AD88-7726-4760-968B-E19F46C3BEFE}.Debug|Any CPU.ActiveCfg = Debug|Any CPU
		{D261AD88-7726-4760-968B-E19F46C3BEFE}.Debug|Any CPU.Build.0 = Debug|Any CPU
		{D261AD88-7726-4760-968B-E19F46C3BEFE}.Debug|x64.ActiveCfg = Debug|Any CPU
		{D261AD88-7726-4760-968B-E19F46C3BEFE}.Debug|x64.Build.0 = Debug|Any CPU
		{D261AD88-7726-4760-968B-E19F46C3BEFE}.Debug|x86.ActiveCfg = Debug|Any CPU
		{D261AD88-7726-4760-968B-E19F46C3BEFE}.Debug|x86.Build.0 = Debug|Any CPU
		{D261AD88-7726-4760-968B-E19F46C3BEFE}.Release|Any CPU.ActiveCfg = Release|Any CPU
		{D261AD88-7726-4760-968B-E19F46C3BEFE}.Release|Any CPU.Build.0 = Release|Any CPU
		{D261AD88-7726-4760-968B-E19F46C3BEFE}.Release|x64.ActiveCfg = Release|Any CPU
		{D261AD88-7726-4760-968B-E19F46C3BEFE}.Release|x64.Build.0 = Release|Any CPU
		{D261AD88-7726-4760-968B-E19F46C3BEFE}.Release|x86.ActiveCfg = Release|Any CPU
		{D261AD88-7726-4760-968B-E19F46C3BEFE}.Release|x86.Build.0 = Release|Any CPU
	EndGlobalSection
	GlobalSection(SolutionProperties) = preSolution
		HideSolutionNode = FALSE
	EndGlobalSection
	GlobalSection(ExtensibilityGlobals) = postSolution
		SolutionGuid = {D7A524FF-9152-4103-9A83-DB21CA63C89C}
	EndGlobalSection
EndGlobal
